Microsoft Visual Studio Solution File, Format Version 12.00
# Visual Studio Version 17
VisualStudioVersion = 17.5.2.0
MinimumVisualStudioVersion = 10.0.40219.1
Project("{FAE04EC0-301F-11D3-BF4B-00C04F79EFBC}") = "biblioteca", "biblioteca\biblioteca.csproj", "{3AB1DC82-A9FE-F0AD-2BCF-980D2D370EA7}"
EndProject
Global
	GlobalSection(SolutionConfigurationPlatforms) = preSolution
		Debug|Any CPU = Debug|Any CPU
		Release|Any CPU = Release|Any CPU
	EndGlobalSection
	GlobalSection(ProjectConfigurationPlatforms) = postSolution
		{3AB1DC82-A9FE-F0AD-2BCF-980D2D370EA7}.Debug|Any CPU.ActiveCfg = Debug|Any CPU
		{3AB1DC82-A9FE-F0AD-2BCF-980D2D370EA7}.Debug|Any CPU.Build.0 = Debug|Any CPU
		{3AB1DC82-A9FE-F0AD-2BCF-980D2D370EA7}.Release|Any CPU.ActiveCfg = Release|Any CPU
		{3AB1DC82-A9FE-F0AD-2BCF-980D2D370EA7}.Release|Any CPU.Build.0 = Release|Any CPU
	EndGlobalSection
	GlobalSection(SolutionProperties) = preSolution
		HideSolutionNode = FALSE
	EndGlobalSection
	GlobalSection(ExtensibilityGlobals) = postSolution
		SolutionGuid = {A86ADAD3-E038-4E93-BF23-B25214D334C0}
	EndGlobalSection
EndGlobal
